
Microsoft Visual Studio Solution File, Format Version 12.00
# Visual Studio Version 17
VisualStudioVersion = 17.12.35514.174
MinimumVisualStudioVersion = 10.0.40219.1
Project("{FAE04EC0-301F-11D3-BF4B-00C04F79EFBC}") = "Data", "Data\Data.csproj", "{33772A5B-4117-4D03-B155-6181D983E414}"
EndProject
Project("{FAE04EC0-301F-11D3-BF4B-00C04F79EFBC}") = "Models", "Models\Models.csproj", "{742AAC0F-5AF1-4C43-A0FB-196EE313B4A6}"
EndProject
Project("{FAE04EC0-301F-11D3-BF4B-00C04F79EFBC}") = "API", "API\API.csproj", "{8466494A-162F-484F-BF26-AD82AD9244D1}"
EndProject
Global
	GlobalSection(SolutionConfigurationPlatforms) = preSolution
		Debug|Any CPU = Debug|Any CPU
		Release|Any CPU = Release|Any CPU
	EndGlobalSection
	GlobalSection(ProjectConfigurationPlatforms) = postSolution
		{33772A5B-4117-4D03-B155-6181D983E414}.Debug|Any CPU.ActiveCfg = Debug|Any CPU
		{33772A5B-4117-4D03-B155-6181D983E414}.Debug|Any CPU.Build.0 = Debug|Any CPU
		{33772A5B-4117-4D03-B155-6181D983E414}.Release|Any CPU.ActiveCfg = Release|Any CPU
		{33772A5B-4117-4D03-B155-6181D983E414}.Release|Any CPU.Build.0 = Release|Any CPU
		{742AAC0F-5AF1-4C43-A0FB-196EE313B4A6}.Debug|Any CPU.ActiveCfg = Debug|Any CPU
		{742AAC0F-5AF1-4C43-A0FB-196EE313B4A6}.Debug|Any CPU.Build.0 = Debug|Any CPU
		{742AAC0F-5AF1-4C43-A0FB-196EE313B4A6}.Release|Any CPU.ActiveCfg = Release|Any CPU
		{742AAC0F-5AF1-4C43-A0FB-196EE313B4A6}.Release|Any CPU.Build.0 = Release|Any CPU
		{8466494A-162F-484F-BF26-AD82AD9244D1}.Debug|Any CPU.ActiveCfg = Debug|Any CPU
		{8466494A-162F-484F-BF26-AD82AD9244D1}.Debug|Any CPU.Build.0 = Debug|Any CPU
		{8466494A-162F-484F-BF26-AD82AD9244D1}.Release|Any CPU.ActiveCfg = Release|Any CPU
		{8466494A-162F-484F-BF26-AD82AD9244D1}.Release|Any CPU.Build.0 = Release|Any CPU
	EndGlobalSection
	GlobalSection(SolutionProperties) = preSolution
		HideSolutionNode = FALSE
	EndGlobalSection
EndGlobal
